// !$*UTF8*$!
{
	archiveVersion = 1;
	classes = {
	};
	objectVersion = 46;
	objects = {

/* Begin PBXBuildFile section */
		292041E01B2CB7330014AF6B /* main.m in Sources */ = {isa = PBXBuildFile; fileRef = 292041DF1B2CB7330014AF6B /* main.m */; };
		292041E31B2CB7330014AF6B /* AppDelegate.m in Sources */ = {isa = PBXBuildFile; fileRef = 292041E21B2CB7330014AF6B /* AppDelegate.m */; };
		292041E61B2CB7330014AF6B /* ViewController.m in Sources */ = {isa = PBXBuildFile; fileRef = 292041E51B2CB7330014AF6B /* ViewController.m */; };
		292041E91B2CB7330014AF6B /* Main.storyboard in Resources */ = {isa = PBXBuildFile; fileRef = 292041E71B2CB7330014AF6B /* Main.storyboard */; };
		292041EB1B2CB7330014AF6B /* Images.xcassets in Resources */ = {isa = PBXBuildFile; fileRef = 292041EA1B2CB7330014AF6B /* Images.xcassets */; };
		292041EE1B2CB7330014AF6B /* LaunchScreen.xib in Resources */ = {isa = PBXBuildFile; fileRef = 292041EC1B2CB7330014AF6B /* LaunchScreen.xib */; };
		292041FA1B2CB7330014AF6B /* WhatsAppTests.m in Sources */ = {isa = PBXBuildFile; fileRef = 292041F91B2CB7330014AF6B /* WhatsAppTests.m */; };
/* End PBXBuildFile section */

/* Begin PBXContainerItemProxy section */
		292041F41B2CB7330014AF6B /* PBXContainerItemProxy */ = {
			isa = PBXContainerItemProxy;
			containerPortal = 292041D21B2CB7330014AF6B /* Project object */;
			proxyType = 1;
			remoteGlobalIDString = 292041D91B2CB7330014AF6B;
			remoteInfo = WhatsApp;
		};
/* End PBXContainerItemProxy section */

/* Begin PBXFileReference section */
		292041DA1B2CB7330014AF6B /* WhatsApp.app */ = {isa = PBXFileReference; explicitFileType = wrapper.application; includeInIndex = 0; path = WhatsApp.app; sourceTree = BUILT_PRODUCTS_DIR; };
		292041DE1B2CB7330014AF6B /* Info.plist */ = {isa = PBXFileReference; lastKnownFileType = text.plist.xml; path = Info.plist; sourceTree = "<group>"; };
		292041DF1B2CB7330014AF6B /* main.m */ = {isa = PBXFileReference; lastKnownFileType = sourcecode.c.objc; path = main.m; sourceTree = "<group>"; };
		292041E11B2CB7330014AF6B /* AppDelegate.h */ = {isa = PBXFileReference; lastKnownFileType = sourcecode.c.h; path = AppDelegate.h; sourceTree = "<group>"; };
		292041E21B2CB7330014AF6B /* AppDelegate.m */ = {isa = PBXFileReference; lastKnownFileType = sourcecode.c.objc; path = AppDelegate.m; sourceTree = "<group>"; };
		292041E41B2CB7330014AF6B /* ViewController.h */ = {isa = PBXFileReference; lastKnownFileType = sourcecode.c.h; path = ViewController.h; sourceTree = "<group>"; };
		292041E51B2CB7330014AF6B /* ViewController.m */ = {isa = PBXFileReference; lastKnownFileType = sourcecode.c.objc; path = ViewController.m; sourceTree = "<group>"; };
		292041E81B2CB7330014AF6B /* Base */ = {isa = PBXFileReference; lastKnownFileType = file.storyboard; name = Base; path = Base.lproj/Main.storyboard; sourceTree = "<group>"; };
		292041EA1B2CB7330014AF6B /* Images.xcassets */ = {isa = PBXFileReference; lastKnownFileType = folder.assetcatalog; path = Images.xcassets; sourceTree = "<group>"; };
		292041ED1B2CB7330014AF6B /* Base */ = {isa = PBXFileReference; lastKnownFileType = file.xib; name = Base; path = Base.lproj/LaunchScreen.xib; sourceTree = "<group>"; };
		292041F31B2CB7330014AF6B /* WhatsAppTests.xctest */ = {isa = PBXFileReference; explicitFileType = wrapper.cfbundle; includeInIndex = 0; path = WhatsAppTests.xctest; sourceTree = BUILT_PRODUCTS_DIR; };
		292041F81B2CB7330014AF6B /* Info.plist */ = {isa = PBXFileReference; lastKnownFileType = text.plist.xml; path = Info.plist; sourceTree = "<group>"; };
		292041F91B2CB7330014AF6B /* WhatsAppTests.m */ = {isa = PBXFileReference; lastKnownFileType = sourcecode.c.objc; path = WhatsAppTests.m; sourceTree = "<group>"; };
/* End PBXFileReference section */

/* Begin PBXFrameworksBuildPhase section */
		292041D71B2CB7330014AF6B /* Frameworks */ = {
			isa = PBXFrameworksBuildPhase;
			buildActionMask = 2147483647;
			files = (
			);
			runOnlyForDeploymentPostprocessing = 0;
		};
		292041F01B2CB7330014AF6B /* Frameworks */ = {
			isa = PBXFrameworksBuildPhase;
			buildActionMask = 2147483647;
			files = (
			);
			runOnlyForDeploymentPostprocessing = 0;
		};
/* End PBXFrameworksBuildPhase section */

/* Begin PBXGroup section */
		292041D11B2CB7330014AF6B = {
			isa = PBXGroup;
			children = (
				292041DC1B2CB7330014AF6B /* WhatsApp */,
				292041F61B2CB7330014AF6B /* WhatsAppTests */,
				292041DB1B2CB7330014AF6B /* Products */,
			);
			sourceTree = "<group>";
		};
		292041DB1B2CB7330014AF6B /* Products */ = {
			isa = PBXGroup;
			children = (
				292041DA1B2CB7330014AF6B /* WhatsApp.app */,
				292041F31B2CB7330014AF6B /* WhatsAppTests.xctest */,
			);
			name = Products;
			sourceTree = "<group>";
		};
		292041DC1B2CB7330014AF6B /* WhatsApp */ = {
			isa = PBXGroup;
			children = (
				292041E11B2CB7330014AF6B /* AppDelegate.h */,
				292041E21B2CB7330014AF6B /* AppDelegate.m */,
				292041E41B2CB7330014AF6B /* ViewController.h */,
				292041E51B2CB7330014AF6B /* ViewController.m */,
				292041E71B2CB7330014AF6B /* Main.storyboard */,
				292041EA1B2CB7330014AF6B /* Images.xcassets */,
				292041EC1B2CB7330014AF6B /* LaunchScreen.xib */,
				292041DD1B2CB7330014AF6B /* Supporting Files */,
			);
			path = WhatsApp;
			sourceTree = "<group>";
		};
		292041DD1B2CB7330014AF6B /* Supporting Files */ = {
			isa = PBXGroup;
			children = (
				292041DE1B2CB7330014AF6B /* Info.plist */,
				292041DF1B2CB7330014AF6B /* main.m */,
			);
			name = "Supporting Files";
			sourceTree = "<group>";
		};
		292041F61B2CB7330014AF6B /* WhatsAppTests */ = {
			isa = PBXGroup;
			children = (
				292041F91B2CB7330014AF6B /* WhatsAppTests.m */,
				292041F71B2CB7330014AF6B /* Supporting Files */,
			);
			path = WhatsAppTests;
			sourceTree = "<group>";
		};
		292041F71B2CB7330014AF6B /* Supporting Files */ = {
			isa = PBXGroup;
			children = (
				292041F81B2CB7330014AF6B /* Info.plist */,
			);
			name = "Supporting Files";
			sourceTree = "<group>";
		};
/* End PBXGroup section */

/* Begin PBXNativeTarget section */
		292041D91B2CB7330014AF6B /* WhatsApp */ = {
			isa = PBXNativeTarget;
			buildConfigurationList = 292041FD1B2CB7330014AF6B /* Build configuration list for PBXNativeTarget "WhatsApp" */;
			buildPhases = (
				292041D61B2CB7330014AF6B /* Sources */,
				292041D71B2CB7330014AF6B /* Frameworks */,
				292041D81B2CB7330014AF6B /* Resources */,
			);
			buildRules = (
			);
			dependencies = (
			);
			name = WhatsApp;
			productName = WhatsApp;
			productReference = 292041DA1B2CB7330014AF6B /* WhatsApp.app */;
			productType = "com.apple.product-type.application";
		};
		292041F21B2CB7330014AF6B /* WhatsAppTests */ = {
			isa = PBXNativeTarget;
			buildConfigurationList = 292042001B2CB7330014AF6B /* Build configuration list for PBXNativeTarget "WhatsAppTests" */;
			buildPhases = (
				292041EF1B2CB7330014AF6B /* Sources */,
				292041F01B2CB7330014AF6B /* Frameworks */,
				292041F11B2CB7330014AF6B /* Resources */,
			);
			buildRules = (
			);
			dependencies = (
				292041F51B2CB7330014AF6B /* PBXTargetDependency */,
			);
			name = WhatsAppTests;
			productName = WhatsAppTests;
			productReference = 292041F31B2CB7330014AF6B /* WhatsAppTests.xctest */;
			productType = "com.apple.product-type.bundle.unit-test";
		};
/* End PBXNativeTarget section */

/* Begin PBXProject section */
		292041D21B2CB7330014AF6B /* Project object */ = {
			isa = PBXProject;
			attributes = {
				LastUpgradeCheck = 0610;
				ORGANIZATIONNAME = "Adenike Olatunji";
				TargetAttributes = {
					292041D91B2CB7330014AF6B = {
						CreatedOnToolsVersion = 6.1.1;
					};
					292041F21B2CB7330014AF6B = {
						CreatedOnToolsVersion = 6.1.1;
						TestTargetID = 292041D91B2CB7330014AF6B;
					};
				};
			};
			buildConfigurationList = 292041D51B2CB7330014AF6B /* Build configuration list for PBXProject "WhatsApp" */;
			compatibilityVersion = "Xcode 3.2";
			developmentRegion = English;
			hasScannedForEncodings = 0;
			knownRegions = (
				en,
				Base,
			);
			mainGroup = 292041D11B2CB7330014AF6B;
			productRefGroup = 292041DB1B2CB7330014AF6B /* Products */;
			projectDirPath = "";
			projectRoot = "";
			targets = (
				292041D91B2CB7330014AF6B /* WhatsApp */,
				292041F21B2CB7330014AF6B /* WhatsAppTests */,
			);
		};
/* End PBXProject section */

/* Begin PBXResourcesBuildPhase section */
		292041D81B2CB7330014AF6B /* Resources */ = {
			isa = PBXResourcesBuildPhase;
			buildActionMask = 2147483647;
			files = (
				292041E91B2CB7330014AF6B /* Main.storyboard in Resources */,
				292041EE1B2CB7330014AF6B /* LaunchScreen.xib in Resources */,
				292041EB1B2CB7330014AF6B /* Images.xcassets in Resources */,
			);
			runOnlyForDeploymentPostprocessing = 0;
		};
		292041F11B2CB7330014AF6B /* Resources */ = {
			isa = PBXResourcesBuildPhase;
			buildActionMask = 2147483647;
			files = (
			);
			runOnlyForDeploymentPostprocessing = 0;
		};
/* End PBXResourcesBuildPhase section */

/* Begin PBXSourcesBuildPhase section */
		292041D61B2CB7330014AF6B /* Sources */ = {
			isa = PBXSourcesBuildPhase;
			buildActionMask = 2147483647;
			files = (
				292041E61B2CB7330014AF6B /* ViewController.m in Sources */,
				292041E31B2CB7330014AF6B /* AppDelegate.m in Sources */,
				292041E01B2CB7330014AF6B /* main.m in Sources */,
			);
			runOnlyForDeploymentPostprocessing = 0;
		};
		292041EF1B2CB7330014AF6B /* Sources */ = {
			isa = PBXSourcesBuildPhase;
			buildActionMask = 2147483647;
			files = (
				292041FA1B2CB7330014AF6B /* WhatsAppTests.m in Sources */,
			);
			runOnlyForDeploymentPostprocessing = 0;
		};
/* End PBXSourcesBuildPhase section */

/* Begin PBXTargetDependency section */
		292041F51B2CB7330014AF6B /* PBXTargetDependency */ = {
			isa = PBXTargetDependency;
			target = 292041D91B2CB7330014AF6B /* WhatsApp */;
			targetProxy = 292041F41B2CB7330014AF6B /* PBXContainerItemProxy */;
		};
/* End PBXTargetDependency section */

/* Begin PBXVariantGroup section */
		292041E71B2CB7330014AF6B /* Main.storyboard */ = {
			isa = PBXVariantGroup;
			children = (
				292041E81B2CB7330014AF6B /* Base */,
			);
			name = Main.storyboard;
			sourceTree = "<group>";
		};
		292041EC1B2CB7330014AF6B /* LaunchScreen.xib */ = {
			isa = PBXVariantGroup;
			children = (
				292041ED1B2CB7330014AF6B /* Base */,
			);
			name = LaunchScreen.xib;
			sourceTree = "<group>";
		};
/* End PBXVariantGroup section */

/* Begin XCBuildConfiguration section */
		292041FB1B2CB7330014AF6B /* Debug */ = {
			isa = XCBuildConfiguration;
			buildSettings = {
				ALWAYS_SEARCH_USER_PATHS = NO;
				CLANG_CXX_LANGUAGE_STANDARD = "gnu++0x";
				CLANG_CXX_LIBRARY = "libc++";
				CLANG_ENABLE_MODULES = YES;
				CLANG_ENABLE_OBJC_ARC = YES;
				CLANG_WARN_BOOL_CONVERSION = YES;
				CLANG_WARN_CONSTANT_CONVERSION = YES;
				CLANG_WARN_DIRECT_OBJC_ISA_USAGE = YES_ERROR;
				CLANG_WARN_EMPTY_BODY = YES;
				CLANG_WARN_ENUM_CONVERSION = YES;
				CLANG_WARN_INT_CONVERSION = YES;
				CLANG_WARN_OBJC_ROOT_CLASS = YES_ERROR;
				CLANG_WARN_UNREACHABLE_CODE = YES;
				CLANG_WARN__DUPLICATE_METHOD_MATCH = YES;
				"CODE_SIGN_IDENTITY[sdk=iphoneos*]" = "iPhone Developer";
				COPY_PHASE_STRIP = NO;
				ENABLE_STRICT_OBJC_MSGSEND = YES;
				GCC_C_LANGUAGE_STANDARD = gnu99;
				GCC_DYNAMIC_NO_PIC = NO;
				GCC_OPTIMIZATION_LEVEL = 0;
				GCC_PREPROCESSOR_DEFINITIONS = (
					"DEBUG=1",
					"$(inherited)",
				);
				GCC_SYMBOLS_PRIVATE_EXTERN = NO;
				GCC_WARN_64_TO_32_BIT_CONVERSION = YES;
				GCC_WARN_ABOUT_RETURN_TYPE = YES_ERROR;
				GCC_WARN_UNDECLARED_SELECTOR = YES;
				GCC_WARN_UNINITIALIZED_AUTOS = YES_AGGRESSIVE;
				GCC_WARN_UNUSED_FUNCTION = YES;
				GCC_WARN_UNUSED_VARIABLE = YES;
				IPHONEOS_DEPLOYMENT_TARGET = 8.1;
				MTL_ENABLE_DEBUG_INFO = YES;
				ONLY_ACTIVE_ARCH = YES;
				SDKROOT = iphoneos;
			};
			name = Debug;
		};
		292041FC1B2CB7330014AF6B /* Release */ = {
			isa = XCBuildConfiguration;
			buildSettings = {
				ALWAYS_SEARCH_USER_PATHS = NO;
				CLANG_CXX_LANGUAGE_STANDARD = "gnu++0x";
				CLANG_CXX_LIBRARY = "libc++";
				CLANG_ENABLE_MODULES = YES;
				CLANG_ENABLE_OBJC_ARC = YES;
				CLANG_WARN_BOOL_CONVERSION = YES;
				CLANG_WARN_CONSTANT_CONVERSION = YES;
				CLANG_WARN_DIRECT_OBJC_ISA_USAGE = YES_ERROR;
				CLANG_WARN_EMPTY_BODY = YES;
				CLANG_WARN_ENUM_CONVERSION = YES;
				CLANG_WARN_INT_CONVERSION = YES;
				CLANG_WARN_OBJC_ROOT_CLASS = YES_ERROR;
				CLANG_WARN_UNREACHABLE_CODE = YES;
				CLANG_WARN__DUPLICATE_METHOD_MATCH = YES;
				"CODE_SIGN_IDENTITY[sdk=iphoneos*]" = "iPhone Developer";
				COPY_PHASE_STRIP = YES;
				ENABLE_NS_ASSERTIONS = NO;
				ENABLE_STRICT_OBJC_MSGSEND = YES;
				GCC_C_LANGUAGE_STANDARD = gnu99;
				GCC_WARN_64_TO_32_BIT_CONVERSION = YES;
				GCC_WARN_ABOUT_RETURN_TYPE = YES_ERROR;
				GCC_WARN_UNDECLARED_SELECTOR = YES;
				GCC_WARN_UNINITIALIZED_AUTOS = YES_AGGRESSIVE;
				GCC_WARN_UNUSED_FUNCTION = YES;
				GCC_WARN_UNUSED_VARIABLE = YES;
				IPHONEOS_DEPLOYMENT_TARGET = 8.1;
				MTL_ENABLE_DEBUG_INFO = NO;
				SDKROOT = iphoneos;
				VALIDATE_PRODUCT = YES;
			};
			name = Release;
		};
		292041FE1B2CB7330014AF6B /* Debug */ = {
			isa = XCBuildConfiguration;
			buildSettings = {
				ASSETCATALOG_COMPILER_APPICON_NAME = AppIcon;
				INFOPLIST_FILE = WhatsApp/Info.plist;
				LD_RUNPATH_SEARCH_PATHS = "$(inherited) @executable_path/Frameworks";
				PRODUCT_NAME = "$(TARGET_NAME)";
			};
			name = Debug;
		};
		292041FF1B2CB7330014AF6B /* Release */ = {
			isa = XCBuildConfiguration;
			buildSettings = {
				ASSETCATALOG_COMPILER_APPICON_NAME = AppIcon;
				INFOPLIST_FILE = WhatsApp/Info.plist;
				LD_RUNPATH_SEARCH_PATHS = "$(inherited) @executable_path/Frameworks";
				PRODUCT_NAME = "$(TARGET_NAME)";
			};
			name = Release;
		};
		292042011B2CB7330014AF6B /* Debug */ = {
			isa = XCBuildConfiguration;
			buildSettings = {
				BUNDLE_LOADER = "$(TEST_HOST)";
				FRAMEWORK_SEARCH_PATHS = (
					"$(SDKROOT)/Developer/Library/Frameworks",
					"$(inherited)",
				);
				GCC_PREPROCESSOR_DEFINITIONS = (
					"DEBUG=1",
					"$(inherited)",
				);
				INFOPLIST_FILE = WhatsAppTests/Info.plist;
				LD_RUNPATH_SEARCH_PATHS = "$(inherited) @executable_path/Frameworks @loader_path/Frameworks";
				PRODUCT_NAME = "$(TARGET_NAME)";
				TEST_HOST = "$(BUILT_PRODUCTS_DIR)/WhatsApp.app/WhatsApp";
			};
			name = Debug;
		};
		292042021B2CB7330014AF6B /* Release */ = {
			isa = XCBuildConfiguration;
			buildSettings = {
				BUNDLE_LOADER = "$(TEST_HOST)";
				FRAMEWORK_SEARCH_PATHS = (
					"$(SDKROOT)/Developer/Library/Frameworks",
					"$(inherited)",
				);
				INFOPLIST_FILE = WhatsAppTests/Info.plist;
				LD_RUNPATH_SEARCH_PATHS = "$(inherited) @executable_path/Frameworks @loader_path/Frameworks";
				PRODUCT_NAME = "$(TARGET_NAME)";
				TEST_HOST = "$(BUILT_PRODUCTS_DIR)/WhatsApp.app/WhatsApp";
			};
			name = Release;
		};
/* End XCBuildConfiguration section */

/* Begin XCConfigurationList section */
		292041D51B2CB7330014AF6B /* Build configuration list for PBXProject "WhatsApp" */ = {
			isa = XCConfigurationList;
			buildConfigurations = (
				292041FB1B2CB7330014AF6B /* Debug */,
				292041FC1B2CB7330014AF6B /* Release */,
			);
			defaultConfigurationIsVisible = 0;
			defaultConfigurationName = Release;
		};
		292041FD1B2CB7330014AF6B /* Build configuration list for PBXNativeTarget "WhatsApp" */ = {
			isa = XCConfigurationList;
			buildConfigurations = (
				292041FE1B2CB7330014AF6B /* Debug */,
				292041FF1B2CB7330014AF6B /* Release */,
			);
			defaultConfigurationIsVisible = 0;
		};
		292042001B2CB7330014AF6B /* Build configuration list for PBXNativeTarget "WhatsAppTests" */ = {
			isa = XCConfigurationList;
			buildConfigurations = (
				292042011B2CB7330014AF6B /* Debug */,
				292042021B2CB7330014AF6B /* Release */,
			);
			defaultConfigurationIsVisible = 0;
		};
/* End XCConfigurationList section */
	};
	rootObject = 292041D21B2CB7330014AF6B /* Project object */;
}
